// !$*UTF8*$!
{
	archiveVersion = 1;
	classes = {
	};
	objectVersion = 56;
	objects = {

/* Begin PBXBuildFile section */
		0A0FF86C2A5AD5C000878218 /* D.wav in Resources */ = {isa = PBXBuildFile; fileRef = 0A0FF8652A5AD5C000878218 /* D.wav */; };
		0A0FF86D2A5AD5C000878218 /* G.wav in Resources */ = {isa = PBXBuildFile; fileRef = 0A0FF8662A5AD5C000878218 /* G.wav */; };
		0A0FF86E2A5AD5C000878218 /* A.wav in Resources */ = {isa = PBXBuildFile; fileRef = 0A0FF8672A5AD5C000878218 /* A.wav */; };
		0A0FF86F2A5AD5C000878218 /* C.wav in Resources */ = {isa = PBXBuildFile; fileRef = 0A0FF8682A5AD5C000878218 /* C.wav */; };
		0A0FF8702A5AD5C000878218 /* E.wav in Resources */ = {isa = PBXBuildFile; fileRef = 0A0FF8692A5AD5C000878218 /* E.wav */; };
		0A0FF8712A5AD5C000878218 /* B.wav in Resources */ = {isa = PBXBuildFile; fileRef = 0A0FF86A2A5AD5C000878218 /* B.wav */; };
		0A0FF8722A5AD5C000878218 /* F.wav in Resources */ = {isa = PBXBuildFile; fileRef = 0A0FF86B2A5AD5C000878218 /* F.wav */; };
		0A8EEBD82A5ACEC900091D3B /* AppDelegate.swift in Sources */ = {isa = PBXBuildFile; fileRef = 0A8EEBD72A5ACEC900091D3B /* AppDelegate.swift */; };
		0A8EEBDA2A5ACEC900091D3B /* SceneDelegate.swift in Sources */ = {isa = PBXBuildFile; fileRef = 0A8EEBD92A5ACEC900091D3B /* SceneDelegate.swift */; };
		0A8EEBDC2A5ACEC900091D3B /* ViewController.swift in Sources */ = {isa = PBXBuildFile; fileRef = 0A8EEBDB2A5ACEC900091D3B /* ViewController.swift */; };
		0A8EEBDF2A5ACEC900091D3B /* Main.storyboard in Resources */ = {isa = PBXBuildFile; fileRef = 0A8EEBDD2A5ACEC900091D3B /* Main.storyboard */; };
		0A8EEBE12A5ACECE00091D3B /* Assets.xcassets in Resources */ = {isa = PBXBuildFile; fileRef = 0A8EEBE02A5ACECE00091D3B /* Assets.xcassets */; };
		0A8EEBE42A5ACECE00091D3B /* LaunchScreen.storyboard in Resources */ = {isa = PBXBuildFile; fileRef = 0A8EEBE22A5ACECE00091D3B /* LaunchScreen.storyboard */; };
/* End PBXBuildFile section */

/* Begin PBXFileReference section */
		0A0FF8652A5AD5C000878218 /* D.wav */ = {isa = PBXFileReference; lastKnownFileType = audio.wav; path = D.wav; sourceTree = "<group>"; };
		0A0FF8662A5AD5C000878218 /* G.wav */ = {isa = PBXFileReference; lastKnownFileType = audio.wav; path = G.wav; sourceTree = "<group>"; };
		0A0FF8672A5AD5C000878218 /* A.wav */ = {isa = PBXFileReference; lastKnownFileType = audio.wav; path = A.wav; sourceTree = "<group>"; };
		0A0FF8682A5AD5C000878218 /* C.wav */ = {isa = PBXFileReference; lastKnownFileType = audio.wav; path = C.wav; sourceTree = "<group>"; };
		0A0FF8692A5AD5C000878218 /* E.wav */ = {isa = PBXFileReference; lastKnownFileType = audio.wav; path = E.wav; sourceTree = "<group>"; };
		0A0FF86A2A5AD5C000878218 /* B.wav */ = {isa = PBXFileReference; lastKnownFileType = audio.wav; path = B.wav; sourceTree = "<group>"; };
		0A0FF86B2A5AD5C000878218 /* F.wav */ = {isa = PBXFileReference; lastKnownFileType = audio.wav; path = F.wav; sourceTree = "<group>"; };
		0A8EEBD42A5ACEC900091D3B /* Xylophone.app */ = {isa = PBXFileReference; explicitFileType = wrapper.application; includeInIndex = 0; path = Xylophone.app; sourceTree = BUILT_PRODUCTS_DIR; };
		0A8EEBD72A5ACEC900091D3B /* AppDelegate.swift */ = {isa = PBXFileReference; lastKnownFileType = sourcecode.swift; path = AppDelegate.swift; sourceTree = "<group>"; };
		0A8EEBD92A5ACEC900091D3B /* SceneDelegate.swift */ = {isa = PBXFileReference; lastKnownFileType = sourcecode.swift; path = SceneDelegate.swift; sourceTree = "<group>"; };
		0A8EEBDB2A5ACEC900091D3B /* ViewController.swift */ = {isa = PBXFileReference; lastKnownFileType = sourcecode.swift; path = ViewController.swift; sourceTree = "<group>"; };
		0A8EEBDE2A5ACEC900091D3B /* Base */ = {isa = PBXFileReference; lastKnownFileType = file.storyboard; name = Base; path = Base.lproj/Main.storyboard; sourceTree = "<group>"; };
		0A8EEBE02A5ACECE00091D3B /* Assets.xcassets */ = {isa = PBXFileReference; lastKnownFileType = folder.assetcatalog; path = Assets.xcassets; sourceTree = "<group>"; };
		0A8EEBE32A5ACECE00091D3B /* Base */ = {isa = PBXFileReference; lastKnownFileType = file.storyboard; name = Base; path = Base.lproj/LaunchScreen.storyboard; sourceTree = "<group>"; };
		0A8EEBE52A5ACECE00091D3B /* Info.plist */ = {isa = PBXFileReference; lastKnownFileType = text.plist.xml; path = Info.plist; sourceTree = "<group>"; };
/* End PBXFileReference section */

/* Begin PBXFrameworksBuildPhase section */
		0A8EEBD12A5ACEC900091D3B /* Frameworks */ = {
			isa = PBXFrameworksBuildPhase;
			buildActionMask = 2147483647;
			files = (
			);
			runOnlyForDeploymentPostprocessing = 0;
		};
/* End PBXFrameworksBuildPhase section */

/* Begin PBXGroup section */
		0A8EEBCB2A5ACEC900091D3B = {
			isa = PBXGroup;
			children = (
				0A8EEBD62A5ACEC900091D3B /* Xylophone */,
				0A8EEBD52A5ACEC900091D3B /* Products */,
			);
			sourceTree = "<group>";
		};
		0A8EEBD52A5ACEC900091D3B /* Products */ = {
			isa = PBXGroup;
			children = (
				0A8EEBD42A5ACEC900091D3B /* Xylophone.app */,
			);
			name = Products;
			sourceTree = "<group>";
		};
		0A8EEBD62A5ACEC900091D3B /* Xylophone */ = {
			isa = PBXGroup;
			children = (
				0A8EEBD72A5ACEC900091D3B /* AppDelegate.swift */,
				0A8EEBD92A5ACEC900091D3B /* SceneDelegate.swift */,
				0A8EEBDB2A5ACEC900091D3B /* ViewController.swift */,
				0A8EEBDD2A5ACEC900091D3B /* Main.storyboard */,
				0A8EEBE02A5ACECE00091D3B /* Assets.xcassets */,
				0A8EEBE22A5ACECE00091D3B /* LaunchScreen.storyboard */,
				0A8EEBEB2A5AD50D00091D3B /* Sounds */,
				0A8EEBE52A5ACECE00091D3B /* Info.plist */,
			);
			path = Xylophone;
			sourceTree = "<group>";
		};
		0A8EEBEB2A5AD50D00091D3B /* Sounds */ = {
			isa = PBXGroup;
			children = (
				0A0FF8672A5AD5C000878218 /* A.wav */,
				0A0FF86A2A5AD5C000878218 /* B.wav */,
				0A0FF8682A5AD5C000878218 /* C.wav */,
				0A0FF8652A5AD5C000878218 /* D.wav */,
				0A0FF8692A5AD5C000878218 /* E.wav */,
				0A0FF86B2A5AD5C000878218 /* F.wav */,
				0A0FF8662A5AD5C000878218 /* G.wav */,
			);
			path = Sounds;
			sourceTree = "<group>";
		};
/* End PBXGroup section */

/* Begin PBXNativeTarget section */
		0A8EEBD32A5ACEC900091D3B /* Xylophone */ = {
			isa = PBXNativeTarget;
			buildConfigurationList = 0A8EEBE82A5ACECE00091D3B /* Build configuration list for PBXNativeTarget "Xylophone" */;
			buildPhases = (
				0A8EEBD02A5ACEC900091D3B /* Sources */,
				0A8EEBD12A5ACEC900091D3B /* Frameworks */,
				0A8EEBD22A5ACEC900091D3B /* Resources */,
			);
			buildRules = (
			);
			dependencies = (
			);
			name = Xylophone;
			productName = Xylophone;
			productReference = 0A8EEBD42A5ACEC900091D3B /* Xylophone.app */;
			productType = "com.apple.product-type.application";
		};
/* End PBXNativeTarget section */

/* Begin PBXProject section */
		0A8EEBCC2A5ACEC900091D3B /* Project object */ = {
			isa = PBXProject;
			attributes = {
				BuildIndependentTargetsInParallel = 1;
				LastSwiftUpdateCheck = 1430;
				LastUpgradeCheck = 1430;
				TargetAttributes = {
					0A8EEBD32A5ACEC900091D3B = {
						CreatedOnToolsVersion = 14.3.1;
					};
				};
			};
			buildConfigurationList = 0A8EEBCF2A5ACEC900091D3B /* Build configuration list for PBXProject "Xylophone" */;
			compatibilityVersion = "Xcode 14.0";
			developmentRegion = en;
			hasScannedForEncodings = 0;
			knownRegions = (
				en,
				Base,
			);
			mainGroup = 0A8EEBCB2A5ACEC900091D3B;
			productRefGroup = 0A8EEBD52A5ACEC900091D3B /* Products */;
			projectDirPath = "";
			projectRoot = "";
			targets = (
				0A8EEBD32A5ACEC900091D3B /* Xylophone */,
			);
		};
/* End PBXProject section */

/* Begin PBXResourcesBuildPhase section */
		0A8EEBD22A5ACEC900091D3B /* Resources */ = {
			isa = PBXResourcesBuildPhase;
			buildActionMask = 2147483647;
			files = (
				0A0FF86E2A5AD5C000878218 /* A.wav in Resources */,
				0A8EEBE42A5ACECE00091D3B /* LaunchScreen.storyboard in Resources */,
				0A0FF86D2A5AD5C000878218 /* G.wav in Resources */,
				0A0FF8722A5AD5C000878218 /* F.wav in Resources */,
				0A0FF86C2A5AD5C000878218 /* D.wav in Resources */,
				0A8EEBE12A5ACECE00091D3B /* Assets.xcassets in Resources */,
				0A8EEBDF2A5ACEC900091D3B /* Main.storyboard in Resources */,
				0A0FF8712A5AD5C000878218 /* B.wav in Resources */,
				0A0FF8702A5AD5C000878218 /* E.wav in Resources */,
				0A0FF86F2A5AD5C000878218 /* C.wav in Resources */,
			);
			runOnlyForDeploymentPostprocessing = 0;
		};
/* End PBXResourcesBuildPhase section */

/* Begin PBXSourcesBuildPhase section */
		0A8EEBD02A5ACEC900091D3B /* Sources */ = {
			isa = PBXSourcesBuildPhase;
			buildActionMask = 2147483647;
			files = (
				0A8EEBDC2A5ACEC900091D3B /* ViewController.swift in Sources */,
				0A8EEBD82A5ACEC900091D3B /* AppDelegate.swift in Sources */,
				0A8EEBDA2A5ACEC900091D3B /* SceneDelegate.swift in Sources */,
			);
			runOnlyForDeploymentPostprocessing = 0;
		};
/* End PBXSourcesBuildPhase section */

/* Begin PBXVariantGroup section */
		0A8EEBDD2A5ACEC900091D3B /* Main.storyboard */ = {
			isa = PBXVariantGroup;
			children = (
				0A8EEBDE2A5ACEC900091D3B /* Base */,
			);
			name = Main.storyboard;
			sourceTree = "<group>";
		};
		0A8EEBE22A5ACECE00091D3B /* LaunchScreen.storyboard */ = {
			isa = PBXVariantGroup;
			children = (
				0A8EEBE32A5ACECE00091D3B /* Base */,
			);
			name = LaunchScreen.storyboard;
			sourceTree = "<group>";
		};
/* End PBXVariantGroup section */

/* Begin XCBuildConfiguration section */
		0A8EEBE62A5ACECE00091D3B /* Debug */ = {
			isa = XCBuildConfiguration;
			buildSettings = {
				ALWAYS_SEARCH_USER_PATHS = NO;
				CLANG_ANALYZER_NONNULL = YES;
				CLANG_ANALYZER_NUMBER_OBJECT_CONVERSION = YES_AGGRESSIVE;
				CLANG_CXX_LANGUAGE_STANDARD = "gnu++20";
				CLANG_ENABLE_MODULES = YES;
				CLANG_ENABLE_OBJC_ARC = YES;
				CLANG_ENABLE_OBJC_WEAK = YES;
				CLANG_WARN_BLOCK_CAPTURE_AUTORELEASING = YES;
				CLANG_WARN_BOOL_CONVERSION = YES;
				CLANG_WARN_COMMA = YES;
				CLANG_WARN_CONSTANT_CONVERSION = YES;
				CLANG_WARN_DEPRECATED_OBJC_IMPLEMENTATIONS = YES;
				CLANG_WARN_DIRECT_OBJC_ISA_USAGE = YES_ERROR;
				CLANG_WARN_DOCUMENTATION_COMMENTS = YES;
				CLANG_WARN_EMPTY_BODY = YES;
				CLANG_WARN_ENUM_CONVERSION = YES;
				CLANG_WARN_INFINITE_RECURSION = YES;
				CLANG_WARN_INT_CONVERSION = YES;
				CLANG_WARN_NON_LITERAL_NULL_CONVERSION = YES;
				CLANG_WARN_OBJC_IMPLICIT_RETAIN_SELF = YES;
				CLANG_WARN_OBJC_LITERAL_CONVERSION = YES;
				CLANG_WARN_OBJC_ROOT_CLASS = YES_ERROR;
				CLANG_WARN_QUOTED_INCLUDE_IN_FRAMEWORK_HEADER = YES;
				CLANG_WARN_RANGE_LOOP_ANALYSIS = YES;
				CLANG_WARN_STRICT_PROTOTYPES = YES;
				CLANG_WARN_SUSPICIOUS_MOVE = YES;
				CLANG_WARN_UNGUARDED_AVAILABILITY = YES_AGGRESSIVE;
				CLANG_WARN_UNREACHABLE_CODE = YES;
				CLANG_WARN__DUPLICATE_METHOD_MATCH = YES;
				COPY_PHASE_STRIP = NO;
				DEBUG_INFORMATION_FORMAT = dwarf;
				ENABLE_STRICT_OBJC_MSGSEND = YES;
				ENABLE_TESTABILITY = YES;
				GCC_C_LANGUAGE_STANDARD = gnu11;
				GCC_DYNAMIC_NO_PIC = NO;
				GCC_NO_COMMON_BLOCKS = YES;
				GCC_OPTIMIZATION_LEVEL = 0;
				GCC_PREPROCESSOR_DEFINITIONS = (
					"DEBUG=1",
					"$(inherited)",
				);
				GCC_WARN_64_TO_32_BIT_CONVERSION = YES;
				GCC_WARN_ABOUT_RETURN_TYPE = YES_ERROR;
				GCC_WARN_UNDECLARED_SELECTOR = YES;
				GCC_WARN_UNINITIALIZED_AUTOS = YES_AGGRESSIVE;
				GCC_WARN_UNUSED_FUNCTION = YES;
				GCC_WARN_UNUSED_VARIABLE = YES;
				IPHONEOS_DEPLOYMENT_TARGET = 16.4;
				MTL_ENABLE_DEBUG_INFO = INCLUDE_SOURCE;
				MTL_FAST_MATH = YES;
				ONLY_ACTIVE_ARCH = YES;
				SDKROOT = iphoneos;
				SWIFT_ACTIVE_COMPILATION_CONDITIONS = DEBUG;
				SWIFT_OPTIMIZATION_LEVEL = "-Onone";
			};
			name = Debug;
		};
		0A8EEBE72A5ACECE00091D3B /* Release */ = {
			isa = XCBuildConfiguration;
			buildSettings = {
				ALWAYS_SEARCH_USER_PATHS = NO;
				CLANG_ANALYZER_NONNULL = YES;
				CLANG_ANALYZER_NUMBER_OBJECT_CONVERSION = YES_AGGRESSIVE;
				CLANG_CXX_LANGUAGE_STANDARD = "gnu++20";
				CLANG_ENABLE_MODULES = YES;
				CLANG_ENABLE_OBJC_ARC = YES;
				CLANG_ENABLE_OBJC_WEAK = YES;
				CLANG_WARN_BLOCK_CAPTURE_AUTORELEASING = YES;
				CLANG_WARN_BOOL_CONVERSION = YES;
				CLANG_WARN_COMMA = YES;
				CLANG_WARN_CONSTANT_CONVERSION = YES;
				CLANG_WARN_DEPRECATED_OBJC_IMPLEMENTATIONS = YES;
				CLANG_WARN_DIRECT_OBJC_ISA_USAGE = YES_ERROR;
				CLANG_WARN_DOCUMENTATION_COMMENTS = YES;
				CLANG_WARN_EMPTY_BODY = YES;
				CLANG_WARN_ENUM_CONVERSION = YES;
				CLANG_WARN_INFINITE_RECURSION = YES;
				CLANG_WARN_INT_CONVERSION = YES;
				CLANG_WARN_NON_LITERAL_NULL_CONVERSION = YES;
				CLANG_WARN_OBJC_IMPLICIT_RETAIN_SELF = YES;
				CLANG_WARN_OBJC_LITERAL_CONVERSION = YES;
				CLANG_WARN_OBJC_ROOT_CLASS = YES_ERROR;
				CLANG_WARN_QUOTED_INCLUDE_IN_FRAMEWORK_HEADER = YES;
				CLANG_WARN_RANGE_LOOP_ANALYSIS = YES;
				CLANG_WARN_STRICT_PROTOTYPES = YES;
				CLANG_WARN_SUSPICIOUS_MOVE = YES;
				CLANG_WARN_UNGUARDED_AVAILABILITY = YES_AGGRESSIVE;
				CLANG_WARN_UNREACHABLE_CODE = YES;
				CLANG_WARN__DUPLICATE_METHOD_MATCH = YES;
				COPY_PHASE_STRIP = NO;
				DEBUG_INFORMATION_FORMAT = "dwarf-with-dsym";
				ENABLE_NS_ASSERTIONS = NO;
				ENABLE_STRICT_OBJC_MSGSEND = YES;
				GCC_C_LANGUAGE_STANDARD = gnu11;
				GCC_NO_COMMON_BLOCKS = YES;
				GCC_WARN_64_TO_32_BIT_CONVERSION = YES;
				GCC_WARN_ABOUT_RETURN_TYPE = YES_ERROR;
				GCC_WARN_UNDECLARED_SELECTOR = YES;
				GCC_WARN_UNINITIALIZED_AUTOS = YES_AGGRESSIVE;
				GCC_WARN_UNUSED_FUNCTION = YES;
				GCC_WARN_UNUSED_VARIABLE = YES;
				IPHONEOS_DEPLOYMENT_TARGET = 16.4;
				MTL_ENABLE_DEBUG_INFO = NO;
				MTL_FAST_MATH = YES;
				SDKROOT = iphoneos;
				SWIFT_COMPILATION_MODE = wholemodule;
				SWIFT_OPTIMIZATION_LEVEL = "-O";
				VALIDATE_PRODUCT = YES;
			};
			name = Release;
		};
		0A8EEBE92A5ACECE00091D3B /* Debug */ = {
			isa = XCBuildConfiguration;
			buildSettings = {
				ASSETCATALOG_COMPILER_APPICON_NAME = AppIcon;
				ASSETCATALOG_COMPILER_GLOBAL_ACCENT_COLOR_NAME = AccentColor;
				CODE_SIGN_STYLE = Automatic;
				CURRENT_PROJECT_VERSION = 1;
				DEVELOPMENT_TEAM = A84V645XXM;
				GENERATE_INFOPLIST_FILE = YES;
				INFOPLIST_FILE = Xylophone/Info.plist;
				INFOPLIST_KEY_UIApplicationSupportsIndirectInputEvents = YES;
				INFOPLIST_KEY_UILaunchStoryboardName = LaunchScreen;
				INFOPLIST_KEY_UIMainStoryboardFile = Main;
				INFOPLIST_KEY_UISupportedInterfaceOrientations_iPad = "UIInterfaceOrientationPortrait UIInterfaceOrientationPortraitUpsideDown UIInterfaceOrientationLandscapeLeft UIInterfaceOrientationLandscapeRight";
				INFOPLIST_KEY_UISupportedInterfaceOrientations_iPhone = "UIInterfaceOrientationPortrait UIInterfaceOrientationLandscapeLeft UIInterfaceOrientationLandscapeRight";
				LD_RUNPATH_SEARCH_PATHS = (
					"$(inherited)",
					"@executable_path/Frameworks",
				);
				MARKETING_VERSION = 1.0;
				PRODUCT_BUNDLE_IDENTIFIER = com.learningswift.Xylophone;
				PRODUCT_NAME = "$(TARGET_NAME)";
				SWIFT_EMIT_LOC_STRINGS = YES;
				SWIFT_VERSION = 5.0;
				TARGETED_DEVICE_FAMILY = "1,2";
			};
			name = Debug;
		};
		0A8EEBEA2A5ACECE00091D3B /* Release */ = {
			isa = XCBuildConfiguration;
			buildSettings = {
				ASSETCATALOG_COMPILER_APPICON_NAME = AppIcon;
				ASSETCATALOG_COMPILER_GLOBAL_ACCENT_COLOR_NAME = AccentColor;
				CODE_SIGN_STYLE = Automatic;
				CURRENT_PROJECT_VERSION = 1;
				DEVELOPMENT_TEAM = A84V645XXM;
				GENERATE_INFOPLIST_FILE = YES;
				INFOPLIST_FILE = Xylophone/Info.plist;
				INFOPLIST_KEY_UIApplicationSupportsIndirectInputEvents = YES;
				INFOPLIST_KEY_UILaunchStoryboardName = LaunchScreen;
				INFOPLIST_KEY_UIMainStoryboardFile = Main;
				INFOPLIST_KEY_UISupportedInterfaceOrientations_iPad = "UIInterfaceOrientationPortrait UIInterfaceOrientationPortraitUpsideDown UIInterfaceOrientationLandscapeLeft UIInterfaceOrientationLandscapeRight";
				INFOPLIST_KEY_UISupportedInterfaceOrientations_iPhone = "UIInterfaceOrientationPortrait UIInterfaceOrientationLandscapeLeft UIInterfaceOrientationLandscapeRight";
				LD_RUNPATH_SEARCH_PATHS = (
					"$(inherited)",
					"@executable_path/Frameworks",
				);
				MARKETING_VERSION = 1.0;
				PRODUCT_BUNDLE_IDENTIFIER = com.learningswift.Xylophone;
				PRODUCT_NAME = "$(TARGET_NAME)";
				SWIFT_EMIT_LOC_STRINGS = YES;
				SWIFT_VERSION = 5.0;
				TARGETED_DEVICE_FAMILY = "1,2";
			};
			name = Release;
		};
/* End XCBuildConfiguration section */

/* Begin XCConfigurationList section */
		0A8EEBCF2A5ACEC900091D3B /* Build configuration list for PBXProject "Xylophone" */ = {
			isa = XCConfigurationList;
			buildConfigurations = (
				0A8EEBE62A5ACECE00091D3B /* Debug */,
				0A8EEBE72A5ACECE00091D3B /* Release */,
			);
			defaultConfigurationIsVisible = 0;
			defaultConfigurationName = Release;
		};
		0A8EEBE82A5ACECE00091D3B /* Build configuration list for PBXNativeTarget "Xylophone" */ = {
			isa = XCConfigurationList;
			buildConfigurations = (
				0A8EEBE92A5ACECE00091D3B /* Debug */,
				0A8EEBEA2A5ACECE00091D3B /* Release */,
			);
			defaultConfigurationIsVisible = 0;
			defaultConfigurationName = Release;
		};
/* End XCConfigurationList section */
	};
	rootObject = 0A8EEBCC2A5ACEC900091D3B /* Project object */;
}
