// !$*UTF8*$!
{
	archiveVersion = 1;
	classes = {
	};
	objectVersion = 56;
	objects = {

/* Begin PBXBuildFile section */
		0A4DCD162A6FB8FA00EEE2BC /* ViewController.swift in Sources */ = {isa = PBXBuildFile; fileRef = 0A4DCD152A6FB8FA00EEE2BC /* ViewController.swift */; };
		0A9B8A832A6FB786002E9ABD /* AppDelegate.swift in Sources */ = {isa = PBXBuildFile; fileRef = 0A9B8A822A6FB786002E9ABD /* AppDelegate.swift */; };
		0A9B8A852A6FB786002E9ABD /* SceneDelegate.swift in Sources */ = {isa = PBXBuildFile; fileRef = 0A9B8A842A6FB786002E9ABD /* SceneDelegate.swift */; };
		0A9B8A8A2A6FB786002E9ABD /* Main.storyboard in Resources */ = {isa = PBXBuildFile; fileRef = 0A9B8A882A6FB786002E9ABD /* Main.storyboard */; };
		0A9B8A8C2A6FB788002E9ABD /* Assets.xcassets in Resources */ = {isa = PBXBuildFile; fileRef = 0A9B8A8B2A6FB788002E9ABD /* Assets.xcassets */; };
		0A9B8A8F2A6FB788002E9ABD /* LaunchScreen.storyboard in Resources */ = {isa = PBXBuildFile; fileRef = 0A9B8A8D2A6FB788002E9ABD /* LaunchScreen.storyboard */; };
		0AE566882A70DC8800E61CE6 /* ImageCollectionViewCell.swift in Sources */ = {isa = PBXBuildFile; fileRef = 0AE566872A70DC8800E61CE6 /* ImageCollectionViewCell.swift */; };
		0AE5668A2A70FB3500E61CE6 /* ImageModel.swift in Sources */ = {isa = PBXBuildFile; fileRef = 0AE566892A70FB3500E61CE6 /* ImageModel.swift */; };
		0AE5668C2A71185E00E61CE6 /* APIClient.swift in Sources */ = {isa = PBXBuildFile; fileRef = 0AE5668B2A71185E00E61CE6 /* APIClient.swift */; };
/* End PBXBuildFile section */

/* Begin PBXFileReference section */
		0A4DCD152A6FB8FA00EEE2BC /* ViewController.swift */ = {isa = PBXFileReference; lastKnownFileType = sourcecode.swift; path = ViewController.swift; sourceTree = "<group>"; };
		0A9B8A7F2A6FB786002E9ABD /* RandomImageViewer.app */ = {isa = PBXFileReference; explicitFileType = wrapper.application; includeInIndex = 0; path = RandomImageViewer.app; sourceTree = BUILT_PRODUCTS_DIR; };
		0A9B8A822A6FB786002E9ABD /* AppDelegate.swift */ = {isa = PBXFileReference; lastKnownFileType = sourcecode.swift; path = AppDelegate.swift; sourceTree = "<group>"; };
		0A9B8A842A6FB786002E9ABD /* SceneDelegate.swift */ = {isa = PBXFileReference; lastKnownFileType = sourcecode.swift; path = SceneDelegate.swift; sourceTree = "<group>"; };
		0A9B8A892A6FB786002E9ABD /* Base */ = {isa = PBXFileReference; lastKnownFileType = file.storyboard; name = Base; path = Base.lproj/Main.storyboard; sourceTree = "<group>"; };
		0A9B8A8B2A6FB788002E9ABD /* Assets.xcassets */ = {isa = PBXFileReference; lastKnownFileType = folder.assetcatalog; path = Assets.xcassets; sourceTree = "<group>"; };
		0A9B8A8E2A6FB788002E9ABD /* Base */ = {isa = PBXFileReference; lastKnownFileType = file.storyboard; name = Base; path = Base.lproj/LaunchScreen.storyboard; sourceTree = "<group>"; };
		0A9B8A902A6FB788002E9ABD /* Info.plist */ = {isa = PBXFileReference; lastKnownFileType = text.plist.xml; path = Info.plist; sourceTree = "<group>"; };
		0AE566872A70DC8800E61CE6 /* ImageCollectionViewCell.swift */ = {isa = PBXFileReference; lastKnownFileType = sourcecode.swift; path = ImageCollectionViewCell.swift; sourceTree = "<group>"; };
		0AE566892A70FB3500E61CE6 /* ImageModel.swift */ = {isa = PBXFileReference; lastKnownFileType = sourcecode.swift; path = ImageModel.swift; sourceTree = "<group>"; };
		0AE5668B2A71185E00E61CE6 /* APIClient.swift */ = {isa = PBXFileReference; lastKnownFileType = sourcecode.swift; path = APIClient.swift; sourceTree = "<group>"; };
/* End PBXFileReference section */

/* Begin PBXFrameworksBuildPhase section */
		0A9B8A7C2A6FB786002E9ABD /* Frameworks */ = {
			isa = PBXFrameworksBuildPhase;
			buildActionMask = 2147483647;
			files = (
			);
			runOnlyForDeploymentPostprocessing = 0;
		};
/* End PBXFrameworksBuildPhase section */

/* Begin PBXGroup section */
		0A9B8A762A6FB786002E9ABD = {
			isa = PBXGroup;
			children = (
				0A9B8A812A6FB786002E9ABD /* RandomImageViewer */,
				0A9B8A802A6FB786002E9ABD /* Products */,
			);
			sourceTree = "<group>";
		};
		0A9B8A802A6FB786002E9ABD /* Products */ = {
			isa = PBXGroup;
			children = (
				0A9B8A7F2A6FB786002E9ABD /* RandomImageViewer.app */,
			);
			name = Products;
			sourceTree = "<group>";
		};
		0A9B8A812A6FB786002E9ABD /* RandomImageViewer */ = {
			isa = PBXGroup;
			children = (
				0A9B8A982A6FB854002E9ABD /* Model */,
				0A9B8A972A6FB84F002E9ABD /* View */,
				0A9B8A962A6FB841002E9ABD /* Controller */,
				0A9B8A822A6FB786002E9ABD /* AppDelegate.swift */,
				0A9B8A842A6FB786002E9ABD /* SceneDelegate.swift */,
				0A9B8A8B2A6FB788002E9ABD /* Assets.xcassets */,
				0A9B8A8D2A6FB788002E9ABD /* LaunchScreen.storyboard */,
				0A9B8A902A6FB788002E9ABD /* Info.plist */,
				0AE566872A70DC8800E61CE6 /* ImageCollectionViewCell.swift */,
			);
			path = RandomImageViewer;
			sourceTree = "<group>";
		};
		0A9B8A962A6FB841002E9ABD /* Controller */ = {
			isa = PBXGroup;
			children = (
				0A4DCD152A6FB8FA00EEE2BC /* ViewController.swift */,
			);
			path = Controller;
			sourceTree = "<group>";
		};
		0A9B8A972A6FB84F002E9ABD /* View */ = {
			isa = PBXGroup;
			children = (
				0A9B8A882A6FB786002E9ABD /* Main.storyboard */,
			);
			path = View;
			sourceTree = "<group>";
		};
		0A9B8A982A6FB854002E9ABD /* Model */ = {
			isa = PBXGroup;
			children = (
				0AE566892A70FB3500E61CE6 /* ImageModel.swift */,
				0AE5668B2A71185E00E61CE6 /* APIClient.swift */,
			);
			path = Model;
			sourceTree = "<group>";
		};
/* End PBXGroup section */

/* Begin PBXNativeTarget section */
		0A9B8A7E2A6FB786002E9ABD /* RandomImageViewer */ = {
			isa = PBXNativeTarget;
			buildConfigurationList = 0A9B8A932A6FB788002E9ABD /* Build configuration list for PBXNativeTarget "RandomImageViewer" */;
			buildPhases = (
				0A9B8A7B2A6FB786002E9ABD /* Sources */,
				0A9B8A7C2A6FB786002E9ABD /* Frameworks */,
				0A9B8A7D2A6FB786002E9ABD /* Resources */,
			);
			buildRules = (
			);
			dependencies = (
			);
			name = RandomImageViewer;
			productName = RandomImageViewer;
			productReference = 0A9B8A7F2A6FB786002E9ABD /* RandomImageViewer.app */;
			productType = "com.apple.product-type.application";
		};
/* End PBXNativeTarget section */

/* Begin PBXProject section */
		0A9B8A772A6FB786002E9ABD /* Project object */ = {
			isa = PBXProject;
			attributes = {
				BuildIndependentTargetsInParallel = 1;
				LastSwiftUpdateCheck = 1430;
				LastUpgradeCheck = 1430;
				TargetAttributes = {
					0A9B8A7E2A6FB786002E9ABD = {
						CreatedOnToolsVersion = 14.3.1;
					};
				};
			};
			buildConfigurationList = 0A9B8A7A2A6FB786002E9ABD /* Build configuration list for PBXProject "RandomImageViewer" */;
			compatibilityVersion = "Xcode 14.0";
			developmentRegion = en;
			hasScannedForEncodings = 0;
			knownRegions = (
				en,
				Base,
			);
			mainGroup = 0A9B8A762A6FB786002E9ABD;
			productRefGroup = 0A9B8A802A6FB786002E9ABD /* Products */;
			projectDirPath = "";
			projectRoot = "";
			targets = (
				0A9B8A7E2A6FB786002E9ABD /* RandomImageViewer */,
			);
		};
/* End PBXProject section */

/* Begin PBXResourcesBuildPhase section */
		0A9B8A7D2A6FB786002E9ABD /* Resources */ = {
			isa = PBXResourcesBuildPhase;
			buildActionMask = 2147483647;
			files = (
				0A9B8A8F2A6FB788002E9ABD /* LaunchScreen.storyboard in Resources */,
				0A9B8A8C2A6FB788002E9ABD /* Assets.xcassets in Resources */,
				0A9B8A8A2A6FB786002E9ABD /* Main.storyboard in Resources */,
			);
			runOnlyForDeploymentPostprocessing = 0;
		};
/* End PBXResourcesBuildPhase section */

/* Begin PBXSourcesBuildPhase section */
		0A9B8A7B2A6FB786002E9ABD /* Sources */ = {
			isa = PBXSourcesBuildPhase;
			buildActionMask = 2147483647;
			files = (
				0AE566882A70DC8800E61CE6 /* ImageCollectionViewCell.swift in Sources */,
				0AE5668A2A70FB3500E61CE6 /* ImageModel.swift in Sources */,
				0A9B8A832A6FB786002E9ABD /* AppDelegate.swift in Sources */,
				0A9B8A852A6FB786002E9ABD /* SceneDelegate.swift in Sources */,
				0A4DCD162A6FB8FA00EEE2BC /* ViewController.swift in Sources */,
				0AE5668C2A71185E00E61CE6 /* APIClient.swift in Sources */,
			);
			runOnlyForDeploymentPostprocessing = 0;
		};
/* End PBXSourcesBuildPhase section */

/* Begin PBXVariantGroup section */
		0A9B8A882A6FB786002E9ABD /* Main.storyboard */ = {
			isa = PBXVariantGroup;
			children = (
				0A9B8A892A6FB786002E9ABD /* Base */,
			);
			name = Main.storyboard;
			sourceTree = "<group>";
		};
		0A9B8A8D2A6FB788002E9ABD /* LaunchScreen.storyboard */ = {
			isa = PBXVariantGroup;
			children = (
				0A9B8A8E2A6FB788002E9ABD /* Base */,
			);
			name = LaunchScreen.storyboard;
			sourceTree = "<group>";
		};
/* End PBXVariantGroup section */

/* Begin XCBuildConfiguration section */
		0A9B8A912A6FB788002E9ABD /* Debug */ = {
			isa = XCBuildConfiguration;
			buildSettings = {
				ALWAYS_SEARCH_USER_PATHS = NO;
				CLANG_ANALYZER_NONNULL = YES;
				CLANG_ANALYZER_NUMBER_OBJECT_CONVERSION = YES_AGGRESSIVE;
				CLANG_CXX_LANGUAGE_STANDARD = "gnu++20";
				CLANG_ENABLE_MODULES = YES;
				CLANG_ENABLE_OBJC_ARC = YES;
				CLANG_ENABLE_OBJC_WEAK = YES;
				CLANG_WARN_BLOCK_CAPTURE_AUTORELEASING = YES;
				CLANG_WARN_BOOL_CONVERSION = YES;
				CLANG_WARN_COMMA = YES;
				CLANG_WARN_CONSTANT_CONVERSION = YES;
				CLANG_WARN_DEPRECATED_OBJC_IMPLEMENTATIONS = YES;
				CLANG_WARN_DIRECT_OBJC_ISA_USAGE = YES_ERROR;
				CLANG_WARN_DOCUMENTATION_COMMENTS = YES;
				CLANG_WARN_EMPTY_BODY = YES;
				CLANG_WARN_ENUM_CONVERSION = YES;
				CLANG_WARN_INFINITE_RECURSION = YES;
				CLANG_WARN_INT_CONVERSION = YES;
				CLANG_WARN_NON_LITERAL_NULL_CONVERSION = YES;
				CLANG_WARN_OBJC_IMPLICIT_RETAIN_SELF = YES;
				CLANG_WARN_OBJC_LITERAL_CONVERSION = YES;
				CLANG_WARN_OBJC_ROOT_CLASS = YES_ERROR;
				CLANG_WARN_QUOTED_INCLUDE_IN_FRAMEWORK_HEADER = YES;
				CLANG_WARN_RANGE_LOOP_ANALYSIS = YES;
				CLANG_WARN_STRICT_PROTOTYPES = YES;
				CLANG_WARN_SUSPICIOUS_MOVE = YES;
				CLANG_WARN_UNGUARDED_AVAILABILITY = YES_AGGRESSIVE;
				CLANG_WARN_UNREACHABLE_CODE = YES;
				CLANG_WARN__DUPLICATE_METHOD_MATCH = YES;
				COPY_PHASE_STRIP = NO;
				DEBUG_INFORMATION_FORMAT = dwarf;
				ENABLE_STRICT_OBJC_MSGSEND = YES;
				ENABLE_TESTABILITY = YES;
				GCC_C_LANGUAGE_STANDARD = gnu11;
				GCC_DYNAMIC_NO_PIC = NO;
				GCC_NO_COMMON_BLOCKS = YES;
				GCC_OPTIMIZATION_LEVEL = 0;
				GCC_PREPROCESSOR_DEFINITIONS = (
					"DEBUG=1",
					"$(inherited)",
				);
				GCC_WARN_64_TO_32_BIT_CONVERSION = YES;
				GCC_WARN_ABOUT_RETURN_TYPE = YES_ERROR;
				GCC_WARN_UNDECLARED_SELECTOR = YES;
				GCC_WARN_UNINITIALIZED_AUTOS = YES_AGGRESSIVE;
				GCC_WARN_UNUSED_FUNCTION = YES;
				GCC_WARN_UNUSED_VARIABLE = YES;
				IPHONEOS_DEPLOYMENT_TARGET = 16.4;
				MTL_ENABLE_DEBUG_INFO = INCLUDE_SOURCE;
				MTL_FAST_MATH = YES;
				ONLY_ACTIVE_ARCH = YES;
				SDKROOT = iphoneos;
				SWIFT_ACTIVE_COMPILATION_CONDITIONS = DEBUG;
				SWIFT_OPTIMIZATION_LEVEL = "-Onone";
			};
			name = Debug;
		};
		0A9B8A922A6FB788002E9ABD /* Release */ = {
			isa = XCBuildConfiguration;
			buildSettings = {
				ALWAYS_SEARCH_USER_PATHS = NO;
				CLANG_ANALYZER_NONNULL = YES;
				CLANG_ANALYZER_NUMBER_OBJECT_CONVERSION = YES_AGGRESSIVE;
				CLANG_CXX_LANGUAGE_STANDARD = "gnu++20";
				CLANG_ENABLE_MODULES = YES;
				CLANG_ENABLE_OBJC_ARC = YES;
				CLANG_ENABLE_OBJC_WEAK = YES;
				CLANG_WARN_BLOCK_CAPTURE_AUTORELEASING = YES;
				CLANG_WARN_BOOL_CONVERSION = YES;
				CLANG_WARN_COMMA = YES;
				CLANG_WARN_CONSTANT_CONVERSION = YES;
				CLANG_WARN_DEPRECATED_OBJC_IMPLEMENTATIONS = YES;
				CLANG_WARN_DIRECT_OBJC_ISA_USAGE = YES_ERROR;
				CLANG_WARN_DOCUMENTATION_COMMENTS = YES;
				CLANG_WARN_EMPTY_BODY = YES;
				CLANG_WARN_ENUM_CONVERSION = YES;
				CLANG_WARN_INFINITE_RECURSION = YES;
				CLANG_WARN_INT_CONVERSION = YES;
				CLANG_WARN_NON_LITERAL_NULL_CONVERSION = YES;
				CLANG_WARN_OBJC_IMPLICIT_RETAIN_SELF = YES;
				CLANG_WARN_OBJC_LITERAL_CONVERSION = YES;
				CLANG_WARN_OBJC_ROOT_CLASS = YES_ERROR;
				CLANG_WARN_QUOTED_INCLUDE_IN_FRAMEWORK_HEADER = YES;
				CLANG_WARN_RANGE_LOOP_ANALYSIS = YES;
				CLANG_WARN_STRICT_PROTOTYPES = YES;
				CLANG_WARN_SUSPICIOUS_MOVE = YES;
				CLANG_WARN_UNGUARDED_AVAILABILITY = YES_AGGRESSIVE;
				CLANG_WARN_UNREACHABLE_CODE = YES;
				CLANG_WARN__DUPLICATE_METHOD_MATCH = YES;
				COPY_PHASE_STRIP = NO;
				DEBUG_INFORMATION_FORMAT = "dwarf-with-dsym";
				ENABLE_NS_ASSERTIONS = NO;
				ENABLE_STRICT_OBJC_MSGSEND = YES;
				GCC_C_LANGUAGE_STANDARD = gnu11;
				GCC_NO_COMMON_BLOCKS = YES;
				GCC_WARN_64_TO_32_BIT_CONVERSION = YES;
				GCC_WARN_ABOUT_RETURN_TYPE = YES_ERROR;
				GCC_WARN_UNDECLARED_SELECTOR = YES;
				GCC_WARN_UNINITIALIZED_AUTOS = YES_AGGRESSIVE;
				GCC_WARN_UNUSED_FUNCTION = YES;
				GCC_WARN_UNUSED_VARIABLE = YES;
				IPHONEOS_DEPLOYMENT_TARGET = 16.4;
				MTL_ENABLE_DEBUG_INFO = NO;
				MTL_FAST_MATH = YES;
				SDKROOT = iphoneos;
				SWIFT_COMPILATION_MODE = wholemodule;
				SWIFT_OPTIMIZATION_LEVEL = "-O";
				VALIDATE_PRODUCT = YES;
			};
			name = Release;
		};
		0A9B8A942A6FB788002E9ABD /* Debug */ = {
			isa = XCBuildConfiguration;
			buildSettings = {
				ASSETCATALOG_COMPILER_APPICON_NAME = AppIcon;
				ASSETCATALOG_COMPILER_GLOBAL_ACCENT_COLOR_NAME = AccentColor;
				CODE_SIGN_STYLE = Automatic;
				CURRENT_PROJECT_VERSION = 1;
				DEVELOPMENT_TEAM = A84V645XXM;
				GENERATE_INFOPLIST_FILE = YES;
				INFOPLIST_FILE = RandomImageViewer/Info.plist;
				INFOPLIST_KEY_UIApplicationSupportsIndirectInputEvents = YES;
				INFOPLIST_KEY_UILaunchStoryboardName = LaunchScreen;
				INFOPLIST_KEY_UIMainStoryboardFile = Main;
				INFOPLIST_KEY_UISupportedInterfaceOrientations_iPad = "UIInterfaceOrientationPortrait UIInterfaceOrientationPortraitUpsideDown UIInterfaceOrientationLandscapeLeft UIInterfaceOrientationLandscapeRight";
				INFOPLIST_KEY_UISupportedInterfaceOrientations_iPhone = "UIInterfaceOrientationPortrait UIInterfaceOrientationLandscapeLeft UIInterfaceOrientationLandscapeRight";
				LD_RUNPATH_SEARCH_PATHS = (
					"$(inherited)",
					"@executable_path/Frameworks",
				);
				MARKETING_VERSION = 1.0;
				PRODUCT_BUNDLE_IDENTIFIER = com.learningswift.RandomImageViewer;
				PRODUCT_NAME = "$(TARGET_NAME)";
				SWIFT_EMIT_LOC_STRINGS = YES;
				SWIFT_VERSION = 5.0;
				TARGETED_DEVICE_FAMILY = "1,2";
			};
			name = Debug;
		};
		0A9B8A952A6FB788002E9ABD /* Release */ = {
			isa = XCBuildConfiguration;
			buildSettings = {
				ASSETCATALOG_COMPILER_APPICON_NAME = AppIcon;
				ASSETCATALOG_COMPILER_GLOBAL_ACCENT_COLOR_NAME = AccentColor;
				CODE_SIGN_STYLE = Automatic;
				CURRENT_PROJECT_VERSION = 1;
				DEVELOPMENT_TEAM = A84V645XXM;
				GENERATE_INFOPLIST_FILE = YES;
				INFOPLIST_FILE = RandomImageViewer/Info.plist;
				INFOPLIST_KEY_UIApplicationSupportsIndirectInputEvents = YES;
				INFOPLIST_KEY_UILaunchStoryboardName = LaunchScreen;
				INFOPLIST_KEY_UIMainStoryboardFile = Main;
				INFOPLIST_KEY_UISupportedInterfaceOrientations_iPad = "UIInterfaceOrientationPortrait UIInterfaceOrientationPortraitUpsideDown UIInterfaceOrientationLandscapeLeft UIInterfaceOrientationLandscapeRight";
				INFOPLIST_KEY_UISupportedInterfaceOrientations_iPhone = "UIInterfaceOrientationPortrait UIInterfaceOrientationLandscapeLeft UIInterfaceOrientationLandscapeRight";
				LD_RUNPATH_SEARCH_PATHS = (
					"$(inherited)",
					"@executable_path/Frameworks",
				);
				MARKETING_VERSION = 1.0;
				PRODUCT_BUNDLE_IDENTIFIER = com.learningswift.RandomImageViewer;
				PRODUCT_NAME = "$(TARGET_NAME)";
				SWIFT_EMIT_LOC_STRINGS = YES;
				SWIFT_VERSION = 5.0;
				TARGETED_DEVICE_FAMILY = "1,2";
			};
			name = Release;
		};
/* End XCBuildConfiguration section */

/* Begin XCConfigurationList section */
		0A9B8A7A2A6FB786002E9ABD /* Build configuration list for PBXProject "RandomImageViewer" */ = {
			isa = XCConfigurationList;
			buildConfigurations = (
				0A9B8A912A6FB788002E9ABD /* Debug */,
				0A9B8A922A6FB788002E9ABD /* Release */,
			);
			defaultConfigurationIsVisible = 0;
			defaultConfigurationName = Release;
		};
		0A9B8A932A6FB788002E9ABD /* Build configuration list for PBXNativeTarget "RandomImageViewer" */ = {
			isa = XCConfigurationList;
			buildConfigurations = (
				0A9B8A942A6FB788002E9ABD /* Debug */,
				0A9B8A952A6FB788002E9ABD /* Release */,
			);
			defaultConfigurationIsVisible = 0;
			defaultConfigurationName = Release;
		};
/* End XCConfigurationList section */
	};
	rootObject = 0A9B8A772A6FB786002E9ABD /* Project object */;
}
